# THIS IS AN AUTOGENERATED FILE. DO NOT EDIT THIS FILE DIRECTLY.
# yarn lockfile v1


"@react-navigation/core@^5.3.2":
  version "5.3.2"
  resolved "https://registry.yarnpkg.com/@react-navigation/core/-/core-5.3.2.tgz#f3a1190b03dc32a26de2d69659a1509662c85e33"
  integrity sha512-64MQAe+xQ2PUXELryElDGX8Zb+klQM3VR6DXSa13Ygkj3Vgn67cI0Hz9TG5m2FXe1Y+jpOTwbu2UEyNffwCEIw==
  dependencies:
    "@react-navigation/routers" "^5.2.1"
    escape-string-regexp "^2.0.0"
    nanoid "^3.0.2"
    query-string "^6.11.1"
    react-is "^16.13.0"
    use-subscription "^1.4.0"

"@react-navigation/native@^5.1.4":
  version "5.1.4"
  resolved "https://registry.yarnpkg.com/@react-navigation/native/-/native-5.1.4.tgz#bb9debf25c7e1fdc25e004cc6007968dec4e44a8"
  integrity sha512-ripecPnP4TXC3P9C+Q6UD9b30sSzKfGgu0auiOnAvQTN2EZ5JO0lEooGRQkMBiZqSc41inrVgir5Wmz2mBuppw==
  dependencies:
    "@react-navigation/core" "^5.3.2"

"@react-navigation/routers@^5.2.1":
  version "5.2.1"
  resolved "https://registry.yarnpkg.com/@react-navigation/routers/-/routers-5.2.1.tgz#c40f8369a8e077a81f98b2741fc5e62092b728a5"
  integrity sha512-/gxmh66d7aUdjiGBf7IL7E2UXxzq5uzjkS+LtxDsLhVWwhdrT2vHVICZSE01ImOl+7K8ZpdfmTzLmX8JbTgtLA==
  dependencies:
    nanoid "^3.0.2"

decode-uri-component@^0.2.0:
  version "0.2.0"
  resolved "https://registry.yarnpkg.com/decode-uri-component/-/decode-uri-component-0.2.0.tgz#eb3913333458775cb84cd1a1fae062106bb87545"
  integrity sha1-6zkTMzRYd1y4TNGh+uBiEGu4dUU=

escape-string-regexp@^2.0.0:
  version "2.0.0"
  resolved "https://registry.yarnpkg.com/escape-string-regexp/-/escape-string-regexp-2.0.0.tgz#a30304e99daa32e23b2fd20f51babd07cffca344"
  integrity sha512-UpzcLCXolUWcNu5HtVMHYdXJjArjsF9C0aNnquZYY4uW/Vu0miy5YoWvbV345HauVvcAUnpRuhMMcqTcGOY2+w==

nanoid@^3.0.2:
  version "3.0.2"
  resolved "https://registry.yarnpkg.com/nanoid/-/nanoid-3.0.2.tgz#37e91e6f5277ce22335be473e2a5db1bd96dd026"
  integrity sha512-WOjyy/xu3199NlQiQWlx7VbspSFlGtOxa1bRX9ebmXOnp1fje4bJfjPs1wLQ8jZbJUfD+yceJmw879ZSaVJkdQ==

object-assign@^4.1.1:
  version "4.1.1"
  resolved "https://registry.yarnpkg.com/object-assign/-/object-assign-4.1.1.tgz#2109adc7965887cfc05cbbd442cac8bfbb360863"
  integrity sha1-IQmtx5ZYh8/AXLvUQsrIv7s2CGM=

query-string@^6.11.1:
  version "6.11.1"
  resolved "https://registry.yarnpkg.com/query-string/-/query-string-6.11.1.tgz#ab021f275d463ce1b61e88f0ce6988b3e8fe7c2c"
  integrity sha512-1ZvJOUl8ifkkBxu2ByVM/8GijMIPx+cef7u3yroO3Ogm4DOdZcF5dcrWTIlSHe3Pg/mtlt6/eFjObDfJureZZA==
  dependencies:
    decode-uri-component "^0.2.0"
    split-on-first "^1.0.0"
    strict-uri-encode "^2.0.0"

react-is@^16.13.0:
  version "16.13.1"
  resolved "https://registry.yarnpkg.com/react-is/-/react-is-16.13.1.tgz#789729a4dc36de2999dc156dd6c1d9c18cea56a4"
  integrity sha512-24e6ynE2H+OKt4kqsOvNd8kBpV65zoxbA4BVsEOB3ARVWQki/DHzaUoC5KuON/BiccDaCCTZBuOcfZs70kR8bQ==

split-on-first@^1.0.0:
  version "1.1.0"
  resolved "https://registry.yarnpkg.com/split-on-first/-/split-on-first-1.1.0.tgz#f610afeee3b12bce1d0c30425e76398b78249a5f"
  integrity sha512-43ZssAJaMusuKWL8sKUBQXHWOpq8d6CfN/u1p4gUzfJkM05C8rxTmYrkIPTXapZpORA6LkkzcUulJ8FqA7Uudw==

strict-uri-encode@^2.0.0:
  version "2.0.0"
  resolved "https://registry.yarnpkg.com/strict-uri-encode/-/strict-uri-encode-2.0.0.tgz#b9c7330c7042862f6b142dc274bbcc5866ce3546"
  integrity sha1-ucczDHBChi9rFC3CdLvMWGbONUY=

use-subscription@^1.4.0:
  version "1.4.1"
  resolved "https://registry.yarnpkg.com/use-subscription/-/use-subscription-1.4.1.tgz#edcbcc220f1adb2dd4fa0b2f61b6cc308e620069"
  integrity sha512-7+IIwDG/4JICrWHL/Q/ZPK5yozEnvRm6vHImu0LKwQlmWGKeiF7mbAenLlK/cTNXrTtXHU/SFASQHzB6+oSJMQ==
  dependencies:
    object-assign "^4.1.1"
